// !$*UTF8*$!
{
	archiveVersion = 1;
	classes = {
	};
	objectVersion = 55;
	objects = {

/* Begin PBXBuildFile section */
		BEC559F3299A3671006130C4 /* AppDelegate.swift in Sources */ = {isa = PBXBuildFile; fileRef = BEC559F2299A3671006130C4 /* AppDelegate.swift */; };
		BEC559F5299A3671006130C4 /* SceneDelegate.swift in Sources */ = {isa = PBXBuildFile; fileRef = BEC559F4299A3671006130C4 /* SceneDelegate.swift */; };
		BEC559FA299A3671006130C4 /* Main.storyboard in Resources */ = {isa = PBXBuildFile; fileRef = BEC559F8299A3671006130C4 /* Main.storyboard */; };
		BEC559FC299A3672006130C4 /* Assets.xcassets in Resources */ = {isa = PBXBuildFile; fileRef = BEC559FB299A3672006130C4 /* Assets.xcassets */; };
		BEC559FF299A3672006130C4 /* LaunchScreen.storyboard in Resources */ = {isa = PBXBuildFile; fileRef = BEC559FD299A3672006130C4 /* LaunchScreen.storyboard */; };
		BEC55A0A299A3673006130C4 /* tpnoteTests.swift in Sources */ = {isa = PBXBuildFile; fileRef = BEC55A09299A3673006130C4 /* tpnoteTests.swift */; };
		BEC55A14299A3673006130C4 /* tpnoteUITests.swift in Sources */ = {isa = PBXBuildFile; fileRef = BEC55A13299A3673006130C4 /* tpnoteUITests.swift */; };
		BEC55A16299A3673006130C4 /* tpnoteUITestsLaunchTests.swift in Sources */ = {isa = PBXBuildFile; fileRef = BEC55A15299A3673006130C4 /* tpnoteUITestsLaunchTests.swift */; };
		BEC55A23299A3869006130C4 /* CategoryViewController.swift in Sources */ = {isa = PBXBuildFile; fileRef = BEC55A22299A3869006130C4 /* CategoryViewController.swift */; };
		BEC55A25299A389C006130C4 /* AchievementViewController.swift in Sources */ = {isa = PBXBuildFile; fileRef = BEC55A24299A389C006130C4 /* AchievementViewController.swift */; };
		BEC55A27299A38C3006130C4 /* AchievementDetailViewController.swift in Sources */ = {isa = PBXBuildFile; fileRef = BEC55A26299A38C3006130C4 /* AchievementDetailViewController.swift */; };
		BEC55A29299A38E4006130C4 /* AboutViewController.swift in Sources */ = {isa = PBXBuildFile; fileRef = BEC55A28299A38E4006130C4 /* AboutViewController.swift */; };
		BEC55A2B299A3C55006130C4 /* DataStructs.swift in Sources */ = {isa = PBXBuildFile; fileRef = BEC55A2A299A3C55006130C4 /* DataStructs.swift */; };
/* End PBXBuildFile section */

/* Begin PBXContainerItemProxy section */
		BEC55A06299A3673006130C4 /* PBXContainerItemProxy */ = {
			isa = PBXContainerItemProxy;
			containerPortal = BEC559E7299A3671006130C4 /* Project object */;
			proxyType = 1;
			remoteGlobalIDString = BEC559EE299A3671006130C4;
			remoteInfo = tpnote;
		};
		BEC55A10299A3673006130C4 /* PBXContainerItemProxy */ = {
			isa = PBXContainerItemProxy;
			containerPortal = BEC559E7299A3671006130C4 /* Project object */;
			proxyType = 1;
			remoteGlobalIDString = BEC559EE299A3671006130C4;
			remoteInfo = tpnote;
		};
/* End PBXContainerItemProxy section */

/* Begin PBXFileReference section */
		BEC559EF299A3671006130C4 /* tpnote.app */ = {isa = PBXFileReference; explicitFileType = wrapper.application; includeInIndex = 0; path = tpnote.app; sourceTree = BUILT_PRODUCTS_DIR; };
		BEC559F2299A3671006130C4 /* AppDelegate.swift */ = {isa = PBXFileReference; lastKnownFileType = sourcecode.swift; path = AppDelegate.swift; sourceTree = "<group>"; };
		BEC559F4299A3671006130C4 /* SceneDelegate.swift */ = {isa = PBXFileReference; lastKnownFileType = sourcecode.swift; path = SceneDelegate.swift; sourceTree = "<group>"; };
		BEC559F9299A3671006130C4 /* Base */ = {isa = PBXFileReference; lastKnownFileType = file.storyboard; name = Base; path = Base.lproj/Main.storyboard; sourceTree = "<group>"; };
		BEC559FB299A3672006130C4 /* Assets.xcassets */ = {isa = PBXFileReference; lastKnownFileType = folder.assetcatalog; path = Assets.xcassets; sourceTree = "<group>"; };
		BEC559FE299A3672006130C4 /* Base */ = {isa = PBXFileReference; lastKnownFileType = file.storyboard; name = Base; path = Base.lproj/LaunchScreen.storyboard; sourceTree = "<group>"; };
		BEC55A00299A3672006130C4 /* Info.plist */ = {isa = PBXFileReference; lastKnownFileType = text.plist.xml; path = Info.plist; sourceTree = "<group>"; };
		BEC55A05299A3673006130C4 /* tpnoteTests.xctest */ = {isa = PBXFileReference; explicitFileType = wrapper.cfbundle; includeInIndex = 0; path = tpnoteTests.xctest; sourceTree = BUILT_PRODUCTS_DIR; };
		BEC55A09299A3673006130C4 /* tpnoteTests.swift */ = {isa = PBXFileReference; lastKnownFileType = sourcecode.swift; path = tpnoteTests.swift; sourceTree = "<group>"; };
		BEC55A0F299A3673006130C4 /* tpnoteUITests.xctest */ = {isa = PBXFileReference; explicitFileType = wrapper.cfbundle; includeInIndex = 0; path = tpnoteUITests.xctest; sourceTree = BUILT_PRODUCTS_DIR; };
		BEC55A13299A3673006130C4 /* tpnoteUITests.swift */ = {isa = PBXFileReference; lastKnownFileType = sourcecode.swift; path = tpnoteUITests.swift; sourceTree = "<group>"; };
		BEC55A15299A3673006130C4 /* tpnoteUITestsLaunchTests.swift */ = {isa = PBXFileReference; lastKnownFileType = sourcecode.swift; path = tpnoteUITestsLaunchTests.swift; sourceTree = "<group>"; };
		BEC55A22299A3869006130C4 /* CategoryViewController.swift */ = {isa = PBXFileReference; lastKnownFileType = sourcecode.swift; path = CategoryViewController.swift; sourceTree = "<group>"; };
		BEC55A24299A389C006130C4 /* AchievementViewController.swift */ = {isa = PBXFileReference; lastKnownFileType = sourcecode.swift; path = AchievementViewController.swift; sourceTree = "<group>"; };
		BEC55A26299A38C3006130C4 /* AchievementDetailViewController.swift */ = {isa = PBXFileReference; lastKnownFileType = sourcecode.swift; path = AchievementDetailViewController.swift; sourceTree = "<group>"; };
		BEC55A28299A38E4006130C4 /* AboutViewController.swift */ = {isa = PBXFileReference; lastKnownFileType = sourcecode.swift; path = AboutViewController.swift; sourceTree = "<group>"; };
		BEC55A2A299A3C55006130C4 /* DataStructs.swift */ = {isa = PBXFileReference; lastKnownFileType = sourcecode.swift; path = DataStructs.swift; sourceTree = "<group>"; };
/* End PBXFileReference section */

/* Begin PBXFrameworksBuildPhase section */
		BEC559EC299A3671006130C4 /* Frameworks */ = {
			isa = PBXFrameworksBuildPhase;
			buildActionMask = 2147483647;
			files = (
			);
			runOnlyForDeploymentPostprocessing = 0;
		};
		BEC55A02299A3673006130C4 /* Frameworks */ = {
			isa = PBXFrameworksBuildPhase;
			buildActionMask = 2147483647;
			files = (
			);
			runOnlyForDeploymentPostprocessing = 0;
		};
		BEC55A0C299A3673006130C4 /* Frameworks */ = {
			isa = PBXFrameworksBuildPhase;
			buildActionMask = 2147483647;
			files = (
			);
			runOnlyForDeploymentPostprocessing = 0;
		};
/* End PBXFrameworksBuildPhase section */

/* Begin PBXGroup section */
		BEC559E6299A3671006130C4 = {
			isa = PBXGroup;
			children = (
				BEC559F1299A3671006130C4 /* tpnote */,
				BEC55A08299A3673006130C4 /* tpnoteTests */,
				BEC55A12299A3673006130C4 /* tpnoteUITests */,
				BEC559F0299A3671006130C4 /* Products */,
			);
			sourceTree = "<group>";
		};
		BEC559F0299A3671006130C4 /* Products */ = {
			isa = PBXGroup;
			children = (
				BEC559EF299A3671006130C4 /* tpnote.app */,
				BEC55A05299A3673006130C4 /* tpnoteTests.xctest */,
				BEC55A0F299A3673006130C4 /* tpnoteUITests.xctest */,
			);
			name = Products;
			sourceTree = "<group>";
		};
		BEC559F1299A3671006130C4 /* tpnote */ = {
			isa = PBXGroup;
			children = (
				BEC559F2299A3671006130C4 /* AppDelegate.swift */,
				BEC559F4299A3671006130C4 /* SceneDelegate.swift */,
				BEC559F8299A3671006130C4 /* Main.storyboard */,
				BEC55A22299A3869006130C4 /* CategoryViewController.swift */,
				BEC55A2A299A3C55006130C4 /* DataStructs.swift */,
				BEC55A24299A389C006130C4 /* AchievementViewController.swift */,
				BEC55A26299A38C3006130C4 /* AchievementDetailViewController.swift */,
				BEC55A28299A38E4006130C4 /* AboutViewController.swift */,
				BEC559FB299A3672006130C4 /* Assets.xcassets */,
				BEC559FD299A3672006130C4 /* LaunchScreen.storyboard */,
				BEC55A00299A3672006130C4 /* Info.plist */,
			);
			path = tpnote;
			sourceTree = "<group>";
		};
		BEC55A08299A3673006130C4 /* tpnoteTests */ = {
			isa = PBXGroup;
			children = (
				BEC55A09299A3673006130C4 /* tpnoteTests.swift */,
			);
			path = tpnoteTests;
			sourceTree = "<group>";
		};
		BEC55A12299A3673006130C4 /* tpnoteUITests */ = {
			isa = PBXGroup;
			children = (
				BEC55A13299A3673006130C4 /* tpnoteUITests.swift */,
				BEC55A15299A3673006130C4 /* tpnoteUITestsLaunchTests.swift */,
			);
			path = tpnoteUITests;
			sourceTree = "<group>";
		};
/* End PBXGroup section */

/* Begin PBXNativeTarget section */
		BEC559EE299A3671006130C4 /* tpnote */ = {
			isa = PBXNativeTarget;
			buildConfigurationList = BEC55A19299A3673006130C4 /* Build configuration list for PBXNativeTarget "tpnote" */;
			buildPhases = (
				BEC559EB299A3671006130C4 /* Sources */,
				BEC559EC299A3671006130C4 /* Frameworks */,
				BEC559ED299A3671006130C4 /* Resources */,
			);
			buildRules = (
			);
			dependencies = (
			);
			name = tpnote;
			productName = tpnote;
			productReference = BEC559EF299A3671006130C4 /* tpnote.app */;
			productType = "com.apple.product-type.application";
		};
		BEC55A04299A3673006130C4 /* tpnoteTests */ = {
			isa = PBXNativeTarget;
			buildConfigurationList = BEC55A1C299A3673006130C4 /* Build configuration list for PBXNativeTarget "tpnoteTests" */;
			buildPhases = (
				BEC55A01299A3673006130C4 /* Sources */,
				BEC55A02299A3673006130C4 /* Frameworks */,
				BEC55A03299A3673006130C4 /* Resources */,
			);
			buildRules = (
			);
			dependencies = (
				BEC55A07299A3673006130C4 /* PBXTargetDependency */,
			);
			name = tpnoteTests;
			productName = tpnoteTests;
			productReference = BEC55A05299A3673006130C4 /* tpnoteTests.xctest */;
			productType = "com.apple.product-type.bundle.unit-test";
		};
		BEC55A0E299A3673006130C4 /* tpnoteUITests */ = {
			isa = PBXNativeTarget;
			buildConfigurationList = BEC55A1F299A3673006130C4 /* Build configuration list for PBXNativeTarget "tpnoteUITests" */;
			buildPhases = (
				BEC55A0B299A3673006130C4 /* Sources */,
				BEC55A0C299A3673006130C4 /* Frameworks */,
				BEC55A0D299A3673006130C4 /* Resources */,
			);
			buildRules = (
			);
			dependencies = (
				BEC55A11299A3673006130C4 /* PBXTargetDependency */,
			);
			name = tpnoteUITests;
			productName = tpnoteUITests;
			productReference = BEC55A0F299A3673006130C4 /* tpnoteUITests.xctest */;
			productType = "com.apple.product-type.bundle.ui-testing";
		};
/* End PBXNativeTarget section */

/* Begin PBXProject section */
		BEC559E7299A3671006130C4 /* Project object */ = {
			isa = PBXProject;
			attributes = {
				BuildIndependentTargetsInParallel = 1;
				LastSwiftUpdateCheck = 1340;
				LastUpgradeCheck = 1340;
				TargetAttributes = {
					BEC559EE299A3671006130C4 = {
						CreatedOnToolsVersion = 13.4.1;
					};
					BEC55A04299A3673006130C4 = {
						CreatedOnToolsVersion = 13.4.1;
						TestTargetID = BEC559EE299A3671006130C4;
					};
					BEC55A0E299A3673006130C4 = {
						CreatedOnToolsVersion = 13.4.1;
						TestTargetID = BEC559EE299A3671006130C4;
					};
				};
			};
			buildConfigurationList = BEC559EA299A3671006130C4 /* Build configuration list for PBXProject "tpnote" */;
			compatibilityVersion = "Xcode 13.0";
			developmentRegion = en;
			hasScannedForEncodings = 0;
			knownRegions = (
				en,
				Base,
			);
			mainGroup = BEC559E6299A3671006130C4;
			productRefGroup = BEC559F0299A3671006130C4 /* Products */;
			projectDirPath = "";
			projectRoot = "";
			targets = (
				BEC559EE299A3671006130C4 /* tpnote */,
				BEC55A04299A3673006130C4 /* tpnoteTests */,
				BEC55A0E299A3673006130C4 /* tpnoteUITests */,
			);
		};
/* End PBXProject section */

/* Begin PBXResourcesBuildPhase section */
		BEC559ED299A3671006130C4 /* Resources */ = {
			isa = PBXResourcesBuildPhase;
			buildActionMask = 2147483647;
			files = (
				BEC559FF299A3672006130C4 /* LaunchScreen.storyboard in Resources */,
				BEC559FC299A3672006130C4 /* Assets.xcassets in Resources */,
				BEC559FA299A3671006130C4 /* Main.storyboard in Resources */,
			);
			runOnlyForDeploymentPostprocessing = 0;
		};
		BEC55A03299A3673006130C4 /* Resources */ = {
			isa = PBXResourcesBuildPhase;
			buildActionMask = 2147483647;
			files = (
			);
			runOnlyForDeploymentPostprocessing = 0;
		};
		BEC55A0D299A3673006130C4 /* Resources */ = {
			isa = PBXResourcesBuildPhase;
			buildActionMask = 2147483647;
			files = (
			);
			runOnlyForDeploymentPostprocessing = 0;
		};
/* End PBXResourcesBuildPhase section */

/* Begin PBXSourcesBuildPhase section */
		BEC559EB299A3671006130C4 /* Sources */ = {
			isa = PBXSourcesBuildPhase;
			buildActionMask = 2147483647;
			files = (
				BEC55A29299A38E4006130C4 /* AboutViewController.swift in Sources */,
				BEC55A23299A3869006130C4 /* CategoryViewController.swift in Sources */,
				BEC559F3299A3671006130C4 /* AppDelegate.swift in Sources */,
				BEC55A27299A38C3006130C4 /* AchievementDetailViewController.swift in Sources */,
				BEC559F5299A3671006130C4 /* SceneDelegate.swift in Sources */,
				BEC55A2B299A3C55006130C4 /* DataStructs.swift in Sources */,
				BEC55A25299A389C006130C4 /* AchievementViewController.swift in Sources */,
			);
			runOnlyForDeploymentPostprocessing = 0;
		};
		BEC55A01299A3673006130C4 /* Sources */ = {
			isa = PBXSourcesBuildPhase;
			buildActionMask = 2147483647;
			files = (
				BEC55A0A299A3673006130C4 /* tpnoteTests.swift in Sources */,
			);
			runOnlyForDeploymentPostprocessing = 0;
		};
		BEC55A0B299A3673006130C4 /* Sources */ = {
			isa = PBXSourcesBuildPhase;
			buildActionMask = 2147483647;
			files = (
				BEC55A16299A3673006130C4 /* tpnoteUITestsLaunchTests.swift in Sources */,
				BEC55A14299A3673006130C4 /* tpnoteUITests.swift in Sources */,
			);
			runOnlyForDeploymentPostprocessing = 0;
		};
/* End PBXSourcesBuildPhase section */

/* Begin PBXTargetDependency section */
		BEC55A07299A3673006130C4 /* PBXTargetDependency */ = {
			isa = PBXTargetDependency;
			target = BEC559EE299A3671006130C4 /* tpnote */;
			targetProxy = BEC55A06299A3673006130C4 /* PBXContainerItemProxy */;
		};
		BEC55A11299A3673006130C4 /* PBXTargetDependency */ = {
			isa = PBXTargetDependency;
			target = BEC559EE299A3671006130C4 /* tpnote */;
			targetProxy = BEC55A10299A3673006130C4 /* PBXContainerItemProxy */;
		};
/* End PBXTargetDependency section */

/* Begin PBXVariantGroup section */
		BEC559F8299A3671006130C4 /* Main.storyboard */ = {
			isa = PBXVariantGroup;
			children = (
				BEC559F9299A3671006130C4 /* Base */,
			);
			name = Main.storyboard;
			sourceTree = "<group>";
		};
		BEC559FD299A3672006130C4 /* LaunchScreen.storyboard */ = {
			isa = PBXVariantGroup;
			children = (
				BEC559FE299A3672006130C4 /* Base */,
			);
			name = LaunchScreen.storyboard;
			sourceTree = "<group>";
		};
/* End PBXVariantGroup section */

/* Begin XCBuildConfiguration section */
		BEC55A17299A3673006130C4 /* Debug */ = {
			isa = XCBuildConfiguration;
			buildSettings = {
				ALWAYS_SEARCH_USER_PATHS = NO;
				CLANG_ANALYZER_NONNULL = YES;
				CLANG_ANALYZER_NUMBER_OBJECT_CONVERSION = YES_AGGRESSIVE;
				CLANG_CXX_LANGUAGE_STANDARD = "gnu++17";
				CLANG_ENABLE_MODULES = YES;
				CLANG_ENABLE_OBJC_ARC = YES;
				CLANG_ENABLE_OBJC_WEAK = YES;
				CLANG_WARN_BLOCK_CAPTURE_AUTORELEASING = YES;
				CLANG_WARN_BOOL_CONVERSION = YES;
				CLANG_WARN_COMMA = YES;
				CLANG_WARN_CONSTANT_CONVERSION = YES;
				CLANG_WARN_DEPRECATED_OBJC_IMPLEMENTATIONS = YES;
				CLANG_WARN_DIRECT_OBJC_ISA_USAGE = YES_ERROR;
				CLANG_WARN_DOCUMENTATION_COMMENTS = YES;
				CLANG_WARN_EMPTY_BODY = YES;
				CLANG_WARN_ENUM_CONVERSION = YES;
				CLANG_WARN_INFINITE_RECURSION = YES;
				CLANG_WARN_INT_CONVERSION = YES;
				CLANG_WARN_NON_LITERAL_NULL_CONVERSION = YES;
				CLANG_WARN_OBJC_IMPLICIT_RETAIN_SELF = YES;
				CLANG_WARN_OBJC_LITERAL_CONVERSION = YES;
				CLANG_WARN_OBJC_ROOT_CLASS = YES_ERROR;
				CLANG_WARN_QUOTED_INCLUDE_IN_FRAMEWORK_HEADER = YES;
				CLANG_WARN_RANGE_LOOP_ANALYSIS = YES;
				CLANG_WARN_STRICT_PROTOTYPES = YES;
				CLANG_WARN_SUSPICIOUS_MOVE = YES;
				CLANG_WARN_UNGUARDED_AVAILABILITY = YES_AGGRESSIVE;
				CLANG_WARN_UNREACHABLE_CODE = YES;
				CLANG_WARN__DUPLICATE_METHOD_MATCH = YES;
				COPY_PHASE_STRIP = NO;
				DEBUG_INFORMATION_FORMAT = dwarf;
				ENABLE_STRICT_OBJC_MSGSEND = YES;
				ENABLE_TESTABILITY = YES;
				GCC_C_LANGUAGE_STANDARD = gnu11;
				GCC_DYNAMIC_NO_PIC = NO;
				GCC_NO_COMMON_BLOCKS = YES;
				GCC_OPTIMIZATION_LEVEL = 0;
				GCC_PREPROCESSOR_DEFINITIONS = (
					"DEBUG=1",
					"$(inherited)",
				);
				GCC_WARN_64_TO_32_BIT_CONVERSION = YES;
				GCC_WARN_ABOUT_RETURN_TYPE = YES_ERROR;
				GCC_WARN_UNDECLARED_SELECTOR = YES;
				GCC_WARN_UNINITIALIZED_AUTOS = YES_AGGRESSIVE;
				GCC_WARN_UNUSED_FUNCTION = YES;
				GCC_WARN_UNUSED_VARIABLE = YES;
				IPHONEOS_DEPLOYMENT_TARGET = 15.5;
				MTL_ENABLE_DEBUG_INFO = INCLUDE_SOURCE;
				MTL_FAST_MATH = YES;
				ONLY_ACTIVE_ARCH = YES;
				SDKROOT = iphoneos;
				SWIFT_ACTIVE_COMPILATION_CONDITIONS = DEBUG;
				SWIFT_OPTIMIZATION_LEVEL = "-Onone";
			};
			name = Debug;
		};
		BEC55A18299A3673006130C4 /* Release */ = {
			isa = XCBuildConfiguration;
			buildSettings = {
				ALWAYS_SEARCH_USER_PATHS = NO;
				CLANG_ANALYZER_NONNULL = YES;
				CLANG_ANALYZER_NUMBER_OBJECT_CONVERSION = YES_AGGRESSIVE;
				CLANG_CXX_LANGUAGE_STANDARD = "gnu++17";
				CLANG_ENABLE_MODULES = YES;
				CLANG_ENABLE_OBJC_ARC = YES;
				CLANG_ENABLE_OBJC_WEAK = YES;
				CLANG_WARN_BLOCK_CAPTURE_AUTORELEASING = YES;
				CLANG_WARN_BOOL_CONVERSION = YES;
				CLANG_WARN_COMMA = YES;
				CLANG_WARN_CONSTANT_CONVERSION = YES;
				CLANG_WARN_DEPRECATED_OBJC_IMPLEMENTATIONS = YES;
				CLANG_WARN_DIRECT_OBJC_ISA_USAGE = YES_ERROR;
				CLANG_WARN_DOCUMENTATION_COMMENTS = YES;
				CLANG_WARN_EMPTY_BODY = YES;
				CLANG_WARN_ENUM_CONVERSION = YES;
				CLANG_WARN_INFINITE_RECURSION = YES;
				CLANG_WARN_INT_CONVERSION = YES;
				CLANG_WARN_NON_LITERAL_NULL_CONVERSION = YES;
				CLANG_WARN_OBJC_IMPLICIT_RETAIN_SELF = YES;
				CLANG_WARN_OBJC_LITERAL_CONVERSION = YES;
				CLANG_WARN_OBJC_ROOT_CLASS = YES_ERROR;
				CLANG_WARN_QUOTED_INCLUDE_IN_FRAMEWORK_HEADER = YES;
				CLANG_WARN_RANGE_LOOP_ANALYSIS = YES;
				CLANG_WARN_STRICT_PROTOTYPES = YES;
				CLANG_WARN_SUSPICIOUS_MOVE = YES;
				CLANG_WARN_UNGUARDED_AVAILABILITY = YES_AGGRESSIVE;
				CLANG_WARN_UNREACHABLE_CODE = YES;
				CLANG_WARN__DUPLICATE_METHOD_MATCH = YES;
				COPY_PHASE_STRIP = NO;
				DEBUG_INFORMATION_FORMAT = "dwarf-with-dsym";
				ENABLE_NS_ASSERTIONS = NO;
				ENABLE_STRICT_OBJC_MSGSEND = YES;
				GCC_C_LANGUAGE_STANDARD = gnu11;
				GCC_NO_COMMON_BLOCKS = YES;
				GCC_WARN_64_TO_32_BIT_CONVERSION = YES;
				GCC_WARN_ABOUT_RETURN_TYPE = YES_ERROR;
				GCC_WARN_UNDECLARED_SELECTOR = YES;
				GCC_WARN_UNINITIALIZED_AUTOS = YES_AGGRESSIVE;
				GCC_WARN_UNUSED_FUNCTION = YES;
				GCC_WARN_UNUSED_VARIABLE = YES;
				IPHONEOS_DEPLOYMENT_TARGET = 15.5;
				MTL_ENABLE_DEBUG_INFO = NO;
				MTL_FAST_MATH = YES;
				SDKROOT = iphoneos;
				SWIFT_COMPILATION_MODE = wholemodule;
				SWIFT_OPTIMIZATION_LEVEL = "-O";
				VALIDATE_PRODUCT = YES;
			};
			name = Release;
		};
		BEC55A1A299A3673006130C4 /* Debug */ = {
			isa = XCBuildConfiguration;
			buildSettings = {
				ASSETCATALOG_COMPILER_APPICON_NAME = AppIcon;
				ASSETCATALOG_COMPILER_GLOBAL_ACCENT_COLOR_NAME = AccentColor;
				CODE_SIGN_STYLE = Automatic;
				CURRENT_PROJECT_VERSION = 1;
				GENERATE_INFOPLIST_FILE = YES;
				INFOPLIST_FILE = tpnote/Info.plist;
				INFOPLIST_KEY_UIApplicationSupportsIndirectInputEvents = YES;
				INFOPLIST_KEY_UILaunchStoryboardName = LaunchScreen;
				INFOPLIST_KEY_UIMainStoryboardFile = Main;
				INFOPLIST_KEY_UISupportedInterfaceOrientations_iPad = "UIInterfaceOrientationPortrait UIInterfaceOrientationPortraitUpsideDown UIInterfaceOrientationLandscapeLeft UIInterfaceOrientationLandscapeRight";
				INFOPLIST_KEY_UISupportedInterfaceOrientations_iPhone = "UIInterfaceOrientationPortrait UIInterfaceOrientationLandscapeLeft UIInterfaceOrientationLandscapeRight";
				LD_RUNPATH_SEARCH_PATHS = (
					"$(inherited)",
					"@executable_path/Frameworks",
				);
				MARKETING_VERSION = 1.0;
				PRODUCT_BUNDLE_IDENTIFIER = ahmedbenelbey.tpnote;
				PRODUCT_NAME = "$(TARGET_NAME)";
				SWIFT_EMIT_LOC_STRINGS = YES;
				SWIFT_VERSION = 5.0;
				TARGETED_DEVICE_FAMILY = "1,2";
			};
			name = Debug;
		};
		BEC55A1B299A3673006130C4 /* Release */ = {
			isa = XCBuildConfiguration;
			buildSettings = {
				ASSETCATALOG_COMPILER_APPICON_NAME = AppIcon;
				ASSETCATALOG_COMPILER_GLOBAL_ACCENT_COLOR_NAME = AccentColor;
				CODE_SIGN_STYLE = Automatic;
				CURRENT_PROJECT_VERSION = 1;
				GENERATE_INFOPLIST_FILE = YES;
				INFOPLIST_FILE = tpnote/Info.plist;
				INFOPLIST_KEY_UIApplicationSupportsIndirectInputEvents = YES;
				INFOPLIST_KEY_UILaunchStoryboardName = LaunchScreen;
				INFOPLIST_KEY_UIMainStoryboardFile = Main;
				INFOPLIST_KEY_UISupportedInterfaceOrientations_iPad = "UIInterfaceOrientationPortrait UIInterfaceOrientationPortraitUpsideDown UIInterfaceOrientationLandscapeLeft UIInterfaceOrientationLandscapeRight";
				INFOPLIST_KEY_UISupportedInterfaceOrientations_iPhone = "UIInterfaceOrientationPortrait UIInterfaceOrientationLandscapeLeft UIInterfaceOrientationLandscapeRight";
				LD_RUNPATH_SEARCH_PATHS = (
					"$(inherited)",
					"@executable_path/Frameworks",
				);
				MARKETING_VERSION = 1.0;
				PRODUCT_BUNDLE_IDENTIFIER = ahmedbenelbey.tpnote;
				PRODUCT_NAME = "$(TARGET_NAME)";
				SWIFT_EMIT_LOC_STRINGS = YES;
				SWIFT_VERSION = 5.0;
				TARGETED_DEVICE_FAMILY = "1,2";
			};
			name = Release;
		};
		BEC55A1D299A3673006130C4 /* Debug */ = {
			isa = XCBuildConfiguration;
			buildSettings = {
				ALWAYS_EMBED_SWIFT_STANDARD_LIBRARIES = YES;
				BUNDLE_LOADER = "$(TEST_HOST)";
				CODE_SIGN_STYLE = Automatic;
				CURRENT_PROJECT_VERSION = 1;
				GENERATE_INFOPLIST_FILE = YES;
				IPHONEOS_DEPLOYMENT_TARGET = 15.5;
				MARKETING_VERSION = 1.0;
				PRODUCT_BUNDLE_IDENTIFIER = ahmedbenelbey.tpnoteTests;
				PRODUCT_NAME = "$(TARGET_NAME)";
				SWIFT_EMIT_LOC_STRINGS = NO;
				SWIFT_VERSION = 5.0;
				TARGETED_DEVICE_FAMILY = "1,2";
				TEST_HOST = "$(BUILT_PRODUCTS_DIR)/tpnote.app/tpnote";
			};
			name = Debug;
		};
		BEC55A1E299A3673006130C4 /* Release */ = {
			isa = XCBuildConfiguration;
			buildSettings = {
				ALWAYS_EMBED_SWIFT_STANDARD_LIBRARIES = YES;
				BUNDLE_LOADER = "$(TEST_HOST)";
				CODE_SIGN_STYLE = Automatic;
				CURRENT_PROJECT_VERSION = 1;
				GENERATE_INFOPLIST_FILE = YES;
				IPHONEOS_DEPLOYMENT_TARGET = 15.5;
				MARKETING_VERSION = 1.0;
				PRODUCT_BUNDLE_IDENTIFIER = ahmedbenelbey.tpnoteTests;
				PRODUCT_NAME = "$(TARGET_NAME)";
				SWIFT_EMIT_LOC_STRINGS = NO;
				SWIFT_VERSION = 5.0;
				TARGETED_DEVICE_FAMILY = "1,2";
				TEST_HOST = "$(BUILT_PRODUCTS_DIR)/tpnote.app/tpnote";
			};
			name = Release;
		};
		BEC55A20299A3673006130C4 /* Debug */ = {
			isa = XCBuildConfiguration;
			buildSettings = {
				ALWAYS_EMBED_SWIFT_STANDARD_LIBRARIES = YES;
				CODE_SIGN_STYLE = Automatic;
				CURRENT_PROJECT_VERSION = 1;
				GENERATE_INFOPLIST_FILE = YES;
				MARKETING_VERSION = 1.0;
				PRODUCT_BUNDLE_IDENTIFIER = ahmedbenelbey.tpnoteUITests;
				PRODUCT_NAME = "$(TARGET_NAME)";
				SWIFT_EMIT_LOC_STRINGS = NO;
				SWIFT_VERSION = 5.0;
				TARGETED_DEVICE_FAMILY = "1,2";
				TEST_TARGET_NAME = tpnote;
			};
			name = Debug;
		};
		BEC55A21299A3673006130C4 /* Release */ = {
			isa = XCBuildConfiguration;
			buildSettings = {
				ALWAYS_EMBED_SWIFT_STANDARD_LIBRARIES = YES;
				CODE_SIGN_STYLE = Automatic;
				CURRENT_PROJECT_VERSION = 1;
				GENERATE_INFOPLIST_FILE = YES;
				MARKETING_VERSION = 1.0;
				PRODUCT_BUNDLE_IDENTIFIER = ahmedbenelbey.tpnoteUITests;
				PRODUCT_NAME = "$(TARGET_NAME)";
				SWIFT_EMIT_LOC_STRINGS = NO;
				SWIFT_VERSION = 5.0;
				TARGETED_DEVICE_FAMILY = "1,2";
				TEST_TARGET_NAME = tpnote;
			};
			name = Release;
		};
/* End XCBuildConfiguration section */

/* Begin XCConfigurationList section */
		BEC559EA299A3671006130C4 /* Build configuration list for PBXProject "tpnote" */ = {
			isa = XCConfigurationList;
			buildConfigurations = (
				BEC55A17299A3673006130C4 /* Debug */,
				BEC55A18299A3673006130C4 /* Release */,
			);
			defaultConfigurationIsVisible = 0;
			defaultConfigurationName = Release;
		};
		BEC55A19299A3673006130C4 /* Build configuration list for PBXNativeTarget "tpnote" */ = {
			isa = XCConfigurationList;
			buildConfigurations = (
				BEC55A1A299A3673006130C4 /* Debug */,
				BEC55A1B299A3673006130C4 /* Release */,
			);
			defaultConfigurationIsVisible = 0;
			defaultConfigurationName = Release;
		};
		BEC55A1C299A3673006130C4 /* Build configuration list for PBXNativeTarget "tpnoteTests" */ = {
			isa = XCConfigurationList;
			buildConfigurations = (
				BEC55A1D299A3673006130C4 /* Debug */,
				BEC55A1E299A3673006130C4 /* Release */,
			);
			defaultConfigurationIsVisible = 0;
			defaultConfigurationName = Release;
		};
		BEC55A1F299A3673006130C4 /* Build configuration list for PBXNativeTarget "tpnoteUITests" */ = {
			isa = XCConfigurationList;
			buildConfigurations = (
				BEC55A20299A3673006130C4 /* Debug */,
				BEC55A21299A3673006130C4 /* Release */,
			);
			defaultConfigurationIsVisible = 0;
			defaultConfigurationName = Release;
		};
/* End XCConfigurationList section */
	};
	rootObject = BEC559E7299A3671006130C4 /* Project object */;
}
